{"version":4,"terraform_version":"1.10.2","serial":3,"lineage":"e31308b6-b315-9306-fc3d-75492361578e","outputs":{},"resources":[{"mode":"data","type":"cloudflare_zones","name":"zones","provider":"provider[\"registry.opentofu.org/cloudflare/cloudflare\"]","instances":[{"index_key":"upidapi.com","schema_version":0,"attributes":{"account":null,"direction":null,"match":null,"max_items":null,"name":"upidapi.com","order":null,"result":[{"account":{"id":"e7469b1c45faadefec8ee3d1f822bfbe","name":"Videw@icloud.com's Account"},"activated_on":"2024-10-07T00:29:14Z","created_on":"2024-09-22T18:50:41Z","development_mode":0,"id":"d52a93b25502ae72f17c1c0660197561","meta":{"cdn_only":null,"custom_certificate_quota":0,"dns_only":null,"foundation_dns":null,"page_rule_quota":3,"phishing_detected":false,"step":2},"modified_on":"2024-10-07T00:29:14Z","name":"upidapi.com","name_servers":["benedict.ns.cloudflare.com","surina.ns.cloudflare.com"],"original_dnshost":null,"original_name_servers":["curitiba.ns.porkbun.com","fortaleza.ns.porkbun.com","maceio.ns.porkbun.com","salvador.ns.porkbun.com"],"original_registrar":"porkbun llc (id: 1861)","owner":{"id":null,"name":null,"type":"user"},"paused":false,"status":"active","type":"full","vanity_name_servers":null,"verification_key":null}],"status":null},"sensitive_attributes":[]},{"index_key":"upidapi.dev","schema_version":0,"attributes":{"account":null,"direction":null,"match":null,"max_items":null,"name":"upidapi.dev","order":null,"result":[{"account":{"id":"e7469b1c45faadefec8ee3d1f822bfbe","name":"Videw@icloud.com's Account"},"activated_on":"2024-10-07T00:25:10Z","created_on":"2024-09-22T18:56:23Z","development_mode":0,"id":"9d063a732659f63bf24047d9114229f4","meta":{"cdn_only":null,"custom_certificate_quota":0,"dns_only":null,"foundation_dns":null,"page_rule_quota":3,"phishing_detected":false,"step":2},"modified_on":"2024-10-07T00:25:10Z","name":"upidapi.dev","name_servers":["benedict.ns.cloudflare.com","surina.ns.cloudflare.com"],"original_dnshost":null,"original_name_servers":["curitiba.ns.porkbun.com","fortaleza.ns.porkbun.com","maceio.ns.porkbun.com","salvador.ns.porkbun.com"],"original_registrar":"porkbun llc (id: 1861)","owner":{"id":null,"name":null,"type":"user"},"paused":false,"status":"active","type":"full","vanity_name_servers":null,"verification_key":null}],"status":null},"sensitive_attributes":[]}]},{"mode":"managed","type":"cloudflare_dns_record","name":"root_a_record","provider":"provider[\"registry.opentofu.org/cloudflare/cloudflare\"]","instances":[{"index_key":"upidapi.com","schema_version":0,"attributes":{"comment":null,"comment_modified_on":null,"content":"192.0.2.1","created_on":"2025-05-14T21:59:07Z","data":null,"id":"56541592d505308d9383a0b359f438cf","meta":"{}","modified_on":"2025-05-14T21:59:07Z","name":"@","priority":null,"proxiable":true,"proxied":true,"settings":{"flatten_cname":null,"ipv4_only":null,"ipv6_only":null},"tags":[],"tags_modified_on":null,"ttl":1,"type":"A","zone_id":"d52a93b25502ae72f17c1c0660197561"},"sensitive_attributes":[],"dependencies":["data.cloudflare_zones.zones"]},{"index_key":"upidapi.dev","schema_version":0,"attributes":{"comment":null,"comment_modified_on":null,"content":"192.0.2.1","created_on":"2025-05-14T21:59:07Z","data":null,"id":"e9fa632daeb925c031bd659322534662","meta":"{}","modified_on":"2025-05-14T21:59:07Z","name":"@","priority":null,"proxiable":true,"proxied":true,"settings":{"flatten_cname":null,"ipv4_only":null,"ipv6_only":null},"tags":[],"tags_modified_on":null,"ttl":1,"type":"A","zone_id":"9d063a732659f63bf24047d9114229f4"},"sensitive_attributes":[],"dependencies":["data.cloudflare_zones.zones"]}]},{"mode":"managed","type":"cloudflare_dns_record","name":"ssh_upidapi_dev_a_record","provider":"provider[\"registry.opentofu.org/cloudflare/cloudflare\"]","instances":[{"schema_version":0,"attributes":{"comment":null,"comment_modified_on":null,"content":"192.0.2.1","created_on":"2025-05-14T21:59:07Z","data":null,"id":"1dc3795b536a2825752234567a375218","meta":"{}","modified_on":"2025-05-14T21:59:07Z","name":"ssh","priority":null,"proxiable":true,"proxied":false,"settings":{"flatten_cname":null,"ipv4_only":null,"ipv6_only":null},"tags":[],"tags_modified_on":null,"ttl":1,"type":"A","zone_id":"9d063a732659f63bf24047d9114229f4"},"sensitive_attributes":[],"dependencies":["data.cloudflare_zones.zones"]}]},{"mode":"managed","type":"cloudflare_dns_record","name":"wild_upidapi_dev_a_record","provider":"provider[\"registry.opentofu.org/cloudflare/cloudflare\"]","instances":[{"schema_version":0,"attributes":{"comment":null,"comment_modified_on":null,"content":"192.0.2.1","created_on":"2025-05-14T21:59:07Z","data":null,"id":"e3f1edc7609a733e2c1fe1d5fc28f6a4","meta":"{}","modified_on":"2025-05-14T21:59:07Z","name":"*","priority":null,"proxiable":true,"proxied":true,"settings":{"flatten_cname":null,"ipv4_only":null,"ipv6_only":null},"tags":[],"tags_modified_on":null,"ttl":1,"type":"A","zone_id":"9d063a732659f63bf24047d9114229f4"},"sensitive_attributes":[],"dependencies":["data.cloudflare_zones.zones"]}]},{"mode":"managed","type":"cloudflare_zone_setting","name":"strict_ssl_setting","provider":"provider[\"registry.opentofu.org/cloudflare/cloudflare\"]","instances":[{"index_key":"upidapi.com","schema_version":0,"attributes":{"editable":true,"id":"ssl","modified_on":"2025-05-11T21:07:13Z","setting_id":"ssl","time_remaining":null,"value":{"value":"strict","type":"string"},"zone_id":"d52a93b25502ae72f17c1c0660197561"},"sensitive_attributes":[],"dependencies":["data.cloudflare_zones.zones"]},{"index_key":"upidapi.dev","schema_version":0,"attributes":{"editable":true,"id":"ssl","modified_on":"2025-05-14T16:46:13Z","setting_id":"ssl","time_remaining":null,"value":{"value":"strict","type":"string"},"zone_id":"9d063a732659f63bf24047d9114229f4"},"sensitive_attributes":[],"dependencies":["data.cloudflare_zones.zones"]}]}],"check_results":null}
